
Microsoft Visual Studio Solution File, Format Version 12.00
# Visual Studio Version 16
VisualStudioVersion = 16.0.29306.81
MinimumVisualStudioVersion = 10.0.40219.1
Project("{FAE04EC0-301F-11D3-BF4B-00C04F79EFBC}") = "LinkedList", "LinkedList\LinkedList.csproj", "{07F54CAE-9978-4BF5-9E76-A6FE3BB8BAF7}"
EndProject
Project("{FAE04EC0-301F-11D3-BF4B-00C04F79EFBC}") = "ArrayReversal", "ArrayReversal\ArrayReversal.csproj", "{03EC2A89-1460-447A-8A63-9D4D17F4C32D}"
EndProject
Project("{FAE04EC0-301F-11D3-BF4B-00C04F79EFBC}") = "DuplicateCharacters", "DuplicateCharacters\DuplicateCharacters.csproj", "{52B5209C-C2B1-4D8A-8C0B-29B0F3F90BC6}"
EndProject
Global
	GlobalSection(SolutionConfigurationPlatforms) = preSolution
		Debug|Any CPU = Debug|Any CPU
		Release|Any CPU = Release|Any CPU
	EndGlobalSection
	GlobalSection(ProjectConfigurationPlatforms) = postSolution
		{07F54CAE-9978-4BF5-9E76-A6FE3BB8BAF7}.Debug|Any CPU.ActiveCfg = Debug|Any CPU
		{07F54CAE-9978-4BF5-9E76-A6FE3BB8BAF7}.Debug|Any CPU.Build.0 = Debug|Any CPU
		{07F54CAE-9978-4BF5-9E76-A6FE3BB8BAF7}.Release|Any CPU.ActiveCfg = Release|Any CPU
		{07F54CAE-9978-4BF5-9E76-A6FE3BB8BAF7}.Release|Any CPU.Build.0 = Release|Any CPU
		{03EC2A89-1460-447A-8A63-9D4D17F4C32D}.Debug|Any CPU.ActiveCfg = Debug|Any CPU
		{03EC2A89-1460-447A-8A63-9D4D17F4C32D}.Debug|Any CPU.Build.0 = Debug|Any CPU
		{03EC2A89-1460-447A-8A63-9D4D17F4C32D}.Release|Any CPU.ActiveCfg = Release|Any CPU
		{03EC2A89-1460-447A-8A63-9D4D17F4C32D}.Release|Any CPU.Build.0 = Release|Any CPU
		{52B5209C-C2B1-4D8A-8C0B-29B0F3F90BC6}.Debug|Any CPU.ActiveCfg = Debug|Any CPU
		{52B5209C-C2B1-4D8A-8C0B-29B0F3F90BC6}.Debug|Any CPU.Build.0 = Debug|Any CPU
		{52B5209C-C2B1-4D8A-8C0B-29B0F3F90BC6}.Release|Any CPU.ActiveCfg = Release|Any CPU
		{52B5209C-C2B1-4D8A-8C0B-29B0F3F90BC6}.Release|Any CPU.Build.0 = Release|Any CPU
	EndGlobalSection
	GlobalSection(SolutionProperties) = preSolution
		HideSolutionNode = FALSE
	EndGlobalSection
	GlobalSection(ExtensibilityGlobals) = postSolution
		SolutionGuid = {480AFF82-0C37-460B-B4A5-F82F74A37C7D}
	EndGlobalSection
EndGlobal
